// !$*UTF8*$!
{
	archiveVersion = 1;
	classes = {
	};
	objectVersion = 50;
	objects = {

/* Begin PBXBuildFile section */
		07444943256688230088A546 /* AppDelegate.swift in Sources */ = {isa = PBXBuildFile; fileRef = 07444942256688230088A546 /* AppDelegate.swift */; };
		0744494C256688260088A546 /* Assets.xcassets in Resources */ = {isa = PBXBuildFile; fileRef = 0744494B256688260088A546 /* Assets.xcassets */; };
		0744494F256688260088A546 /* LaunchScreen.storyboard in Resources */ = {isa = PBXBuildFile; fileRef = 0744494D256688260088A546 /* LaunchScreen.storyboard */; };
		0744495A256688260088A546 /* WRBASETests.swift in Sources */ = {isa = PBXBuildFile; fileRef = 07444959256688260088A546 /* WRBASETests.swift */; };
		07444965256688260088A546 /* WRBASEUITests.swift in Sources */ = {isa = PBXBuildFile; fileRef = 07444964256688260088A546 /* WRBASEUITests.swift */; };
		0744499125669BB80088A546 /* Splash.storyboard in Resources */ = {isa = PBXBuildFile; fileRef = 0744499025669BB80088A546 /* Splash.storyboard */; };
		0744499625669BC40088A546 /* Splash.swift in Sources */ = {isa = PBXBuildFile; fileRef = 0744499525669BC40088A546 /* Splash.swift */; };
		074449A12566C74B0088A546 /* ReplaceSegue.swift in Sources */ = {isa = PBXBuildFile; fileRef = 074449A02566C74B0088A546 /* ReplaceSegue.swift */; };
		074FC7842570122B00ABC1DE /* ShortcutsViewController.swift in Sources */ = {isa = PBXBuildFile; fileRef = 074FC7832570122B00ABC1DE /* ShortcutsViewController.swift */; };
		074FC78C2570123900ABC1DE /* Shortcuts.storyboard in Resources */ = {isa = PBXBuildFile; fileRef = 074FC78B2570123900ABC1DE /* Shortcuts.storyboard */; };
		074FC7912570531800ABC1DE /* ShortcutsDataManager.swift in Sources */ = {isa = PBXBuildFile; fileRef = 074FC7902570531800ABC1DE /* ShortcutsDataManager.swift */; };
		074FC7992570624200ABC1DE /* ShortcutSavaBoxViewController.swift in Sources */ = {isa = PBXBuildFile; fileRef = 074FC7982570624200ABC1DE /* ShortcutSavaBoxViewController.swift */; };
		074FC7A12570625000ABC1DE /* ShortcutSavaBoxViewController.xib in Resources */ = {isa = PBXBuildFile; fileRef = 074FC7A02570625000ABC1DE /* ShortcutSavaBoxViewController.xib */; };
		074FC7A62570645800ABC1DE /* LightboxCardView.swift in Sources */ = {isa = PBXBuildFile; fileRef = 074FC7A52570645800ABC1DE /* LightboxCardView.swift */; };
		076F3A8B256D5DF20023CA42 /* About.storyboard in Resources */ = {isa = PBXBuildFile; fileRef = 076F3A8A256D5DF20023CA42 /* About.storyboard */; };
		076F3A93256D5E050023CA42 /* AboutViewController.swift in Sources */ = {isa = PBXBuildFile; fileRef = 076F3A92256D5E050023CA42 /* AboutViewController.swift */; };
		076F3A99256D61F10023CA42 /* CBKNavigationController.swift in Sources */ = {isa = PBXBuildFile; fileRef = 076F3A98256D61F10023CA42 /* CBKNavigationController.swift */; };
		076F3AC5256DBE1E0023CA42 /* OpenSans-SemiBold.ttf in Resources */ = {isa = PBXBuildFile; fileRef = 076F3AC4256DBE1E0023CA42 /* OpenSans-SemiBold.ttf */; };
		076F3ACA256DC0860023CA42 /* NavigatioBarTitleView.swift in Sources */ = {isa = PBXBuildFile; fileRef = 076F3AC9256DC0860023CA42 /* NavigatioBarTitleView.swift */; };
		076F3ACF256DC7A20023CA42 /* OpenSans-Regular.ttf in Resources */ = {isa = PBXBuildFile; fileRef = 076F3ACE256DC7A20023CA42 /* OpenSans-Regular.ttf */; };
		076F3AD7256E58880023CA42 /* Fonts.swift in Sources */ = {isa = PBXBuildFile; fileRef = 076F3AD6256E58880023CA42 /* Fonts.swift */; };
		076F3BF2256E5CB30023CA42 /* TitleNSubtitleView.swift in Sources */ = {isa = PBXBuildFile; fileRef = 076F3BF1256E5CB30023CA42 /* TitleNSubtitleView.swift */; };
		076F3BFB256E5E190023CA42 /* TitleNSubtitleView.xib in Resources */ = {isa = PBXBuildFile; fileRef = 076F3BFA256E5E190023CA42 /* TitleNSubtitleView.xib */; };
		076F3C01256E7A100023CA42 /* TitleHeaderNImageCell.swift in Sources */ = {isa = PBXBuildFile; fileRef = 076F3C00256E7A100023CA42 /* TitleHeaderNImageCell.swift */; };
		076F3C06256E822B0023CA42 /* Images.swift in Sources */ = {isa = PBXBuildFile; fileRef = 076F3C05256E822B0023CA42 /* Images.swift */; };
		076F3C0D256EA2F30023CA42 /* Logs.storyboard in Resources */ = {isa = PBXBuildFile; fileRef = 076F3C0C256EA2F30023CA42 /* Logs.storyboard */; };
		076F3C15256EA3040023CA42 /* LogsView.swift in Sources */ = {isa = PBXBuildFile; fileRef = 076F3C14256EA3040023CA42 /* LogsView.swift */; };
		076F3C4F256FFEE90023CA42 /* CBKCurvedView.swift in Sources */ = {isa = PBXBuildFile; fileRef = 076F3C47256FFEE90023CA42 /* CBKCurvedView.swift */; };
		076F3C50256FFEE90023CA42 /* CBKContextualMenuOptionCell.swift in Sources */ = {isa = PBXBuildFile; fileRef = 076F3C4A256FFEE90023CA42 /* CBKContextualMenuOptionCell.swift */; };
		076F3C51256FFEE90023CA42 /* CBKContextualMenuOptionCell.xib in Resources */ = {isa = PBXBuildFile; fileRef = 076F3C4B256FFEE90023CA42 /* CBKContextualMenuOptionCell.xib */; };
		076F3C52256FFEE90023CA42 /* CBKContextualMenuViewController.xib in Resources */ = {isa = PBXBuildFile; fileRef = 076F3C4C256FFEE90023CA42 /* CBKContextualMenuViewController.xib */; };
		076F3C53256FFEE90023CA42 /* CBKBaseViewController.swift in Sources */ = {isa = PBXBuildFile; fileRef = 076F3C4D256FFEE90023CA42 /* CBKBaseViewController.swift */; };
		076F3C54256FFEE90023CA42 /* CBKContextualMenuViewController.swift in Sources */ = {isa = PBXBuildFile; fileRef = 076F3C4E256FFEE90023CA42 /* CBKContextualMenuViewController.swift */; };
		077A4D0D2577016800CF4D82 /* CBKDocumentManager.swift in Sources */ = {isa = PBXBuildFile; fileRef = 077A4D0C2577016800CF4D82 /* CBKDocumentManager.swift */; };
		077A4D132577051600CF4D82 /* UIApplication+ViewCycles.swift in Sources */ = {isa = PBXBuildFile; fileRef = 077A4D122577051600CF4D82 /* UIApplication+ViewCycles.swift */; };
		078A4FBA256D31BF00BC9BEC /* WRBASE.xcdatamodeld in Sources */ = {isa = PBXBuildFile; fileRef = 078A4FB7256D31BF00BC9BEC /* WRBASE.xcdatamodeld */; };
		078A4FBB256D31BF00BC9BEC /* LoggerManager.swift in Sources */ = {isa = PBXBuildFile; fileRef = 078A4FB9256D31BF00BC9BEC /* LoggerManager.swift */; };
		078A4FC1256D320500BC9BEC /* UIVIew+RoundedView.swift in Sources */ = {isa = PBXBuildFile; fileRef = 078A4FC0256D320500BC9BEC /* UIVIew+RoundedView.swift */; };
		078FF13D257069B700DBBA1F /* CBKLabel.swift in Sources */ = {isa = PBXBuildFile; fileRef = 078FF13C257069B700DBBA1F /* CBKLabel.swift */; };
		078FF25A25706EB600DBBA1F /* CBKButton.swift in Sources */ = {isa = PBXBuildFile; fileRef = 078FF25925706EB600DBBA1F /* CBKButton.swift */; };
		07C2FE572574FE760034BBFF /* CBKBaseTextField.swift in Sources */ = {isa = PBXBuildFile; fileRef = 07C2FE552574FE750034BBFF /* CBKBaseTextField.swift */; };
		07C2FE582574FE760034BBFF /* CBKTextField.swift in Sources */ = {isa = PBXBuildFile; fileRef = 07C2FE562574FE750034BBFF /* CBKTextField.swift */; };
		07FBC0E82566D40E00446CFC /* BsseViewController.swift in Sources */ = {isa = PBXBuildFile; fileRef = 07FBC0E72566D40E00446CFC /* BsseViewController.swift */; };
		07FBC0F82566D5EE00446CFC /* Colors.swift in Sources */ = {isa = PBXBuildFile; fileRef = 07FBC0F72566D5EE00446CFC /* Colors.swift */; };
		07FBC0FD2566D77800446CFC /* MainView.storyboard in Resources */ = {isa = PBXBuildFile; fileRef = 07FBC0FC2566D77800446CFC /* MainView.storyboard */; };
		07FBC1022566D78C00446CFC /* MainView.swift in Sources */ = {isa = PBXBuildFile; fileRef = 07FBC1012566D78C00446CFC /* MainView.swift */; };
		07FBC1082566DE1C00446CFC /* CBWebView.swift in Sources */ = {isa = PBXBuildFile; fileRef = 07FBC1072566DE1C00446CFC /* CBWebView.swift */; };
		07FBC1712567E47700446CFC /* FirebaseManager.swift in Sources */ = {isa = PBXBuildFile; fileRef = 07FBC1702567E47700446CFC /* FirebaseManager.swift */; };
		07FBC17A2567EB3E00446CFC /* CBNavigator.swift in Sources */ = {isa = PBXBuildFile; fileRef = 07FBC1792567EB3E00446CFC /* CBNavigator.swift */; };
/* End PBXBuildFile section */

/* Begin PBXContainerItemProxy section */
		07444956256688260088A546 /* PBXContainerItemProxy */ = {
			isa = PBXContainerItemProxy;
			containerPortal = 07444937256688230088A546 /* Project object */;
			proxyType = 1;
			remoteGlobalIDString = 0744493E256688230088A546;
			remoteInfo = WRBASE;
		};
		07444961256688260088A546 /* PBXContainerItemProxy */ = {
			isa = PBXContainerItemProxy;
			containerPortal = 07444937256688230088A546 /* Project object */;
			proxyType = 1;
			remoteGlobalIDString = 0744493E256688230088A546;
			remoteInfo = WRBASE;
		};
/* End PBXContainerItemProxy section */

/* Begin PBXFileReference section */
		0744493F256688230088A546 /* WRBASE.app */ = {isa = PBXFileReference; explicitFileType = wrapper.application; includeInIndex = 0; path = WRBASE.app; sourceTree = BUILT_PRODUCTS_DIR; };
		07444942256688230088A546 /* AppDelegate.swift */ = {isa = PBXFileReference; lastKnownFileType = sourcecode.swift; path = AppDelegate.swift; sourceTree = "<group>"; };
		0744494B256688260088A546 /* Assets.xcassets */ = {isa = PBXFileReference; lastKnownFileType = folder.assetcatalog; path = Assets.xcassets; sourceTree = "<group>"; };
		0744494E256688260088A546 /* Base */ = {isa = PBXFileReference; lastKnownFileType = file.storyboard; name = Base; path = Base.lproj/LaunchScreen.storyboard; sourceTree = "<group>"; };
		07444950256688260088A546 /* Info.plist */ = {isa = PBXFileReference; lastKnownFileType = text.plist.xml; path = Info.plist; sourceTree = "<group>"; };
		07444955256688260088A546 /* WRBASETests.xctest */ = {isa = PBXFileReference; explicitFileType = wrapper.cfbundle; includeInIndex = 0; path = WRBASETests.xctest; sourceTree = BUILT_PRODUCTS_DIR; };
		07444959256688260088A546 /* WRBASETests.swift */ = {isa = PBXFileReference; lastKnownFileType = sourcecode.swift; path = WRBASETests.swift; sourceTree = "<group>"; };
		0744495B256688260088A546 /* Info.plist */ = {isa = PBXFileReference; lastKnownFileType = text.plist.xml; path = Info.plist; sourceTree = "<group>"; };
		07444960256688260088A546 /* WRBASEUITests.xctest */ = {isa = PBXFileReference; explicitFileType = wrapper.cfbundle; includeInIndex = 0; path = WRBASEUITests.xctest; sourceTree = BUILT_PRODUCTS_DIR; };
		07444964256688260088A546 /* WRBASEUITests.swift */ = {isa = PBXFileReference; lastKnownFileType = sourcecode.swift; path = WRBASEUITests.swift; sourceTree = "<group>"; };
		07444966256688260088A546 /* Info.plist */ = {isa = PBXFileReference; lastKnownFileType = text.plist.xml; path = Info.plist; sourceTree = "<group>"; };
		0744499025669BB80088A546 /* Splash.storyboard */ = {isa = PBXFileReference; lastKnownFileType = file.storyboard; path = Splash.storyboard; sourceTree = "<group>"; };
		0744499525669BC40088A546 /* Splash.swift */ = {isa = PBXFileReference; lastKnownFileType = sourcecode.swift; path = Splash.swift; sourceTree = "<group>"; };
		074449A02566C74B0088A546 /* ReplaceSegue.swift */ = {isa = PBXFileReference; fileEncoding = 4; lastKnownFileType = sourcecode.swift; path = ReplaceSegue.swift; sourceTree = "<group>"; };
		074FC7832570122B00ABC1DE /* ShortcutsViewController.swift */ = {isa = PBXFileReference; lastKnownFileType = sourcecode.swift; path = ShortcutsViewController.swift; sourceTree = "<group>"; };
		074FC78B2570123900ABC1DE /* Shortcuts.storyboard */ = {isa = PBXFileReference; lastKnownFileType = file.storyboard; path = Shortcuts.storyboard; sourceTree = "<group>"; };
		074FC7902570531800ABC1DE /* ShortcutsDataManager.swift */ = {isa = PBXFileReference; lastKnownFileType = sourcecode.swift; path = ShortcutsDataManager.swift; sourceTree = "<group>"; };
		074FC7982570624200ABC1DE /* ShortcutSavaBoxViewController.swift */ = {isa = PBXFileReference; lastKnownFileType = sourcecode.swift; path = ShortcutSavaBoxViewController.swift; sourceTree = "<group>"; };
		074FC7A02570625000ABC1DE /* ShortcutSavaBoxViewController.xib */ = {isa = PBXFileReference; lastKnownFileType = file.xib; path = ShortcutSavaBoxViewController.xib; sourceTree = "<group>"; };
		074FC7A52570645800ABC1DE /* LightboxCardView.swift */ = {isa = PBXFileReference; lastKnownFileType = sourcecode.swift; path = LightboxCardView.swift; sourceTree = "<group>"; };
		076F3A8A256D5DF20023CA42 /* About.storyboard */ = {isa = PBXFileReference; lastKnownFileType = file.storyboard; path = About.storyboard; sourceTree = "<group>"; };
		076F3A92256D5E050023CA42 /* AboutViewController.swift */ = {isa = PBXFileReference; lastKnownFileType = sourcecode.swift; path = AboutViewController.swift; sourceTree = "<group>"; };
		076F3A98256D61F10023CA42 /* CBKNavigationController.swift */ = {isa = PBXFileReference; lastKnownFileType = sourcecode.swift; path = CBKNavigationController.swift; sourceTree = "<group>"; };
		076F3AC4256DBE1E0023CA42 /* OpenSans-SemiBold.ttf */ = {isa = PBXFileReference; lastKnownFileType = file; path = "OpenSans-SemiBold.ttf"; sourceTree = "<group>"; };
		076F3AC9256DC0860023CA42 /* NavigatioBarTitleView.swift */ = {isa = PBXFileReference; fileEncoding = 4; lastKnownFileType = sourcecode.swift; path = NavigatioBarTitleView.swift; sourceTree = "<group>"; };
		076F3ACE256DC7A20023CA42 /* OpenSans-Regular.ttf */ = {isa = PBXFileReference; lastKnownFileType = file; path = "OpenSans-Regular.ttf"; sourceTree = "<group>"; };
		076F3AD6256E58880023CA42 /* Fonts.swift */ = {isa = PBXFileReference; lastKnownFileType = sourcecode.swift; path = Fonts.swift; sourceTree = "<group>"; };
		076F3BF1256E5CB30023CA42 /* TitleNSubtitleView.swift */ = {isa = PBXFileReference; lastKnownFileType = sourcecode.swift; path = TitleNSubtitleView.swift; sourceTree = "<group>"; };
		076F3BFA256E5E190023CA42 /* TitleNSubtitleView.xib */ = {isa = PBXFileReference; lastKnownFileType = file.xib; path = TitleNSubtitleView.xib; sourceTree = "<group>"; };
		076F3C00256E7A100023CA42 /* TitleHeaderNImageCell.swift */ = {isa = PBXFileReference; lastKnownFileType = sourcecode.swift; path = TitleHeaderNImageCell.swift; sourceTree = "<group>"; };
		076F3C05256E822B0023CA42 /* Images.swift */ = {isa = PBXFileReference; lastKnownFileType = sourcecode.swift; path = Images.swift; sourceTree = "<group>"; };
		076F3C0C256EA2F30023CA42 /* Logs.storyboard */ = {isa = PBXFileReference; lastKnownFileType = file.storyboard; path = Logs.storyboard; sourceTree = "<group>"; };
		076F3C14256EA3040023CA42 /* LogsView.swift */ = {isa = PBXFileReference; lastKnownFileType = sourcecode.swift; path = LogsView.swift; sourceTree = "<group>"; };
		076F3C47256FFEE90023CA42 /* CBKCurvedView.swift */ = {isa = PBXFileReference; fileEncoding = 4; lastKnownFileType = sourcecode.swift; path = CBKCurvedView.swift; sourceTree = "<group>"; };
		076F3C4A256FFEE90023CA42 /* CBKContextualMenuOptionCell.swift */ = {isa = PBXFileReference; fileEncoding = 4; lastKnownFileType = sourcecode.swift; path = CBKContextualMenuOptionCell.swift; sourceTree = "<group>"; };
		076F3C4B256FFEE90023CA42 /* CBKContextualMenuOptionCell.xib */ = {isa = PBXFileReference; fileEncoding = 4; lastKnownFileType = file.xib; path = CBKContextualMenuOptionCell.xib; sourceTree = "<group>"; };
		076F3C4C256FFEE90023CA42 /* CBKContextualMenuViewController.xib */ = {isa = PBXFileReference; fileEncoding = 4; lastKnownFileType = file.xib; path = CBKContextualMenuViewController.xib; sourceTree = "<group>"; };
		076F3C4D256FFEE90023CA42 /* CBKBaseViewController.swift */ = {isa = PBXFileReference; fileEncoding = 4; lastKnownFileType = sourcecode.swift; path = CBKBaseViewController.swift; sourceTree = "<group>"; };
		076F3C4E256FFEE90023CA42 /* CBKContextualMenuViewController.swift */ = {isa = PBXFileReference; fileEncoding = 4; lastKnownFileType = sourcecode.swift; path = CBKContextualMenuViewController.swift; sourceTree = "<group>"; };
		077A4D0C2577016800CF4D82 /* CBKDocumentManager.swift */ = {isa = PBXFileReference; fileEncoding = 4; lastKnownFileType = sourcecode.swift; path = CBKDocumentManager.swift; sourceTree = "<group>"; };
		077A4D122577051600CF4D82 /* UIApplication+ViewCycles.swift */ = {isa = PBXFileReference; lastKnownFileType = sourcecode.swift; path = "UIApplication+ViewCycles.swift"; sourceTree = "<group>"; };
		078A4FB8256D31BF00BC9BEC /* Logger.xcdatamodel */ = {isa = PBXFileReference; lastKnownFileType = wrapper.xcdatamodel; path = Logger.xcdatamodel; sourceTree = "<group>"; };
		078A4FB9256D31BF00BC9BEC /* LoggerManager.swift */ = {isa = PBXFileReference; fileEncoding = 4; lastKnownFileType = sourcecode.swift; path = LoggerManager.swift; sourceTree = "<group>"; };
		078A4FC0256D320500BC9BEC /* UIVIew+RoundedView.swift */ = {isa = PBXFileReference; fileEncoding = 4; lastKnownFileType = sourcecode.swift; path = "UIVIew+RoundedView.swift"; sourceTree = "<group>"; };
		078FF13C257069B700DBBA1F /* CBKLabel.swift */ = {isa = PBXFileReference; lastKnownFileType = sourcecode.swift; path = CBKLabel.swift; sourceTree = "<group>"; };
		078FF25925706EB600DBBA1F /* CBKButton.swift */ = {isa = PBXFileReference; lastKnownFileType = sourcecode.swift; path = CBKButton.swift; sourceTree = "<group>"; };
		07C2FE552574FE750034BBFF /* CBKBaseTextField.swift */ = {isa = PBXFileReference; fileEncoding = 4; lastKnownFileType = sourcecode.swift; path = CBKBaseTextField.swift; sourceTree = "<group>"; };
		07C2FE562574FE750034BBFF /* CBKTextField.swift */ = {isa = PBXFileReference; fileEncoding = 4; lastKnownFileType = sourcecode.swift; path = CBKTextField.swift; sourceTree = "<group>"; };
		07FBC0E72566D40E00446CFC /* BsseViewController.swift */ = {isa = PBXFileReference; lastKnownFileType = sourcecode.swift; path = BsseViewController.swift; sourceTree = "<group>"; };
		07FBC0F72566D5EE00446CFC /* Colors.swift */ = {isa = PBXFileReference; lastKnownFileType = sourcecode.swift; path = Colors.swift; sourceTree = "<group>"; };
		07FBC0FC2566D77800446CFC /* MainView.storyboard */ = {isa = PBXFileReference; lastKnownFileType = file.storyboard; path = MainView.storyboard; sourceTree = "<group>"; };
		07FBC1012566D78C00446CFC /* MainView.swift */ = {isa = PBXFileReference; lastKnownFileType = sourcecode.swift; path = MainView.swift; sourceTree = "<group>"; };
		07FBC1072566DE1C00446CFC /* CBWebView.swift */ = {isa = PBXFileReference; lastKnownFileType = sourcecode.swift; path = CBWebView.swift; sourceTree = "<group>"; };
		07FBC1702567E47700446CFC /* FirebaseManager.swift */ = {isa = PBXFileReference; lastKnownFileType = sourcecode.swift; path = FirebaseManager.swift; sourceTree = "<group>"; };
		07FBC1792567EB3E00446CFC /* CBNavigator.swift */ = {isa = PBXFileReference; lastKnownFileType = sourcecode.swift; path = CBNavigator.swift; sourceTree = "<group>"; };
/* End PBXFileReference section */

/* Begin PBXFrameworksBuildPhase section */
		0744493C256688230088A546 /* Frameworks */ = {
			isa = PBXFrameworksBuildPhase;
			buildActionMask = 2147483647;
			files = (
			);
			runOnlyForDeploymentPostprocessing = 0;
		};
		07444952256688260088A546 /* Frameworks */ = {
			isa = PBXFrameworksBuildPhase;
			buildActionMask = 2147483647;
			files = (
			);
			runOnlyForDeploymentPostprocessing = 0;
		};
		0744495D256688260088A546 /* Frameworks */ = {
			isa = PBXFrameworksBuildPhase;
			buildActionMask = 2147483647;
			files = (
			);
			runOnlyForDeploymentPostprocessing = 0;
		};
/* End PBXFrameworksBuildPhase section */

/* Begin PBXGroup section */
		07444936256688230088A546 = {
			isa = PBXGroup;
			children = (
				07444941256688230088A546 /* WRBASE */,
				07444940256688230088A546 /* Products */,
			);
			sourceTree = "<group>";
		};
		07444940256688230088A546 /* Products */ = {
			isa = PBXGroup;
			children = (
				0744493F256688230088A546 /* WRBASE.app */,
				07444955256688260088A546 /* WRBASETests.xctest */,
				07444960256688260088A546 /* WRBASEUITests.xctest */,
			);
			name = Products;
			sourceTree = "<group>";
		};
		07444941256688230088A546 /* WRBASE */ = {
			isa = PBXGroup;
			children = (
				07444985256698570088A546 /* App */,
				07444986256698740088A546 /* Tests */,
			);
			path = WRBASE;
			sourceTree = "<group>";
		};
		07444958256688260088A546 /* WRBASETests */ = {
			isa = PBXGroup;
			children = (
				07444959256688260088A546 /* WRBASETests.swift */,
				0744495B256688260088A546 /* Info.plist */,
			);
			path = WRBASETests;
			sourceTree = "<group>";
		};
		07444963256688260088A546 /* WRBASEUITests */ = {
			isa = PBXGroup;
			children = (
				07444964256688260088A546 /* WRBASEUITests.swift */,
				07444966256688260088A546 /* Info.plist */,
			);
			path = WRBASEUITests;
			sourceTree = "<group>";
		};
		074449842566984F0088A546 /* Scenes */ = {
			isa = PBXGroup;
			children = (
				074FC7822570120F00ABC1DE /* Shortcuts */,
				076F3C0A256EA2D10023CA42 /* Logs */,
				076F3A89256D5D9F0023CA42 /* About */,
				07FBC0E02566D09500446CFC /* MainView */,
				0744498F25669B900088A546 /* Splash */,
			);
			path = Scenes;
			sourceTree = "<group>";
		};
		07444985256698570088A546 /* App */ = {
			isa = PBXGroup;
			children = (
				078A4FB7256D31BF00BC9BEC /* WRBASE.xcdatamodeld */,
				07FBC16F2567E46400446CFC /* Managers */,
				07FBC0E42566D26100446CFC /* CustomComponents */,
				074449A82566CA670088A546 /* Delegates */,
				0744499F2566C7370088A546 /* Utils */,
				0744498E256698BC0088A546 /* Resources */,
				074449842566984F0088A546 /* Scenes */,
			);
			path = App;
			sourceTree = "<group>";
		};
		07444986256698740088A546 /* Tests */ = {
			isa = PBXGroup;
			children = (
				07444958256688260088A546 /* WRBASETests */,
				07444963256688260088A546 /* WRBASEUITests */,
			);
			path = Tests;
			sourceTree = "<group>";
		};
		0744498E256698BC0088A546 /* Resources */ = {
			isa = PBXGroup;
			children = (
				076F3AC3256DBDCB0023CA42 /* Fonts */,
				0744494B256688260088A546 /* Assets.xcassets */,
				0744494D256688260088A546 /* LaunchScreen.storyboard */,
				07444950256688260088A546 /* Info.plist */,
			);
			path = Resources;
			sourceTree = "<group>";
		};
		0744498F25669B900088A546 /* Splash */ = {
			isa = PBXGroup;
			children = (
				0744499025669BB80088A546 /* Splash.storyboard */,
				0744499525669BC40088A546 /* Splash.swift */,
			);
			path = Splash;
			sourceTree = "<group>";
		};
		0744499F2566C7370088A546 /* Utils */ = {
			isa = PBXGroup;
			children = (
				077A4D11257704DD00CF4D82 /* Helpers */,
				07FBC0F72566D5EE00446CFC /* Colors.swift */,
				074449A02566C74B0088A546 /* ReplaceSegue.swift */,
				076F3AD6256E58880023CA42 /* Fonts.swift */,
				076F3C05256E822B0023CA42 /* Images.swift */,
			);
			path = Utils;
			sourceTree = "<group>";
		};
		074449A82566CA670088A546 /* Delegates */ = {
			isa = PBXGroup;
			children = (
				07444942256688230088A546 /* AppDelegate.swift */,
			);
			path = Delegates;
			sourceTree = "<group>";
		};
		074FC7822570120F00ABC1DE /* Shortcuts */ = {
			isa = PBXGroup;
			children = (
				074FC7832570122B00ABC1DE /* ShortcutsViewController.swift */,
				074FC78B2570123900ABC1DE /* Shortcuts.storyboard */,
			);
			path = Shortcuts;
			sourceTree = "<group>";
		};
		076F3A89256D5D9F0023CA42 /* About */ = {
			isa = PBXGroup;
			children = (
				076F3A8A256D5DF20023CA42 /* About.storyboard */,
				076F3A92256D5E050023CA42 /* AboutViewController.swift */,
			);
			path = About;
			sourceTree = "<group>";
		};
		076F3A97256D61C30023CA42 /* NavigationController */ = {
			isa = PBXGroup;
			children = (
				076F3AC9256DC0860023CA42 /* NavigatioBarTitleView.swift */,
				076F3A98256D61F10023CA42 /* CBKNavigationController.swift */,
			);
			path = NavigationController;
			sourceTree = "<group>";
		};
		076F3AC3256DBDCB0023CA42 /* Fonts */ = {
			isa = PBXGroup;
			children = (
				076F3ACE256DC7A20023CA42 /* OpenSans-Regular.ttf */,
				076F3AC4256DBE1E0023CA42 /* OpenSans-SemiBold.ttf */,
			);
			path = Fonts;
			sourceTree = "<group>";
		};
		076F3BF6256E5CBD0023CA42 /* Views */ = {
			isa = PBXGroup;
			children = (
				076F3BF1256E5CB30023CA42 /* TitleNSubtitleView.swift */,
				076F3BFA256E5E190023CA42 /* TitleNSubtitleView.xib */,
				074FC7982570624200ABC1DE /* ShortcutSavaBoxViewController.swift */,
				074FC7A02570625000ABC1DE /* ShortcutSavaBoxViewController.xib */,
				074FC7A52570645800ABC1DE /* LightboxCardView.swift */,
			);
			path = Views;
			sourceTree = "<group>";
		};
		076F3BFF256E79EE0023CA42 /* Cells */ = {
			isa = PBXGroup;
			children = (
				076F3C00256E7A100023CA42 /* TitleHeaderNImageCell.swift */,
			);
			path = Cells;
			sourceTree = "<group>";
		};
		076F3C0A256EA2D10023CA42 /* Logs */ = {
			isa = PBXGroup;
			children = (
				076F3C0C256EA2F30023CA42 /* Logs.storyboard */,
				076F3C14256EA3040023CA42 /* LogsView.swift */,
			);
			path = Logs;
			sourceTree = "<group>";
		};
		076F3C46256FFEE90023CA42 /* ContextualMenu */ = {
			isa = PBXGroup;
			children = (
				076F3C47256FFEE90023CA42 /* CBKCurvedView.swift */,
				076F3C48256FFEE90023CA42 /* Controllers */,
			);
			name = ContextualMenu;
			path = WRBASE/App/CustomComponents/UIKit/ContextualMenu;
			sourceTree = SOURCE_ROOT;
		};
		076F3C48256FFEE90023CA42 /* Controllers */ = {
			isa = PBXGroup;
			children = (
				076F3C49256FFEE90023CA42 /* Cells */,
				076F3C4C256FFEE90023CA42 /* CBKContextualMenuViewController.xib */,
				076F3C4D256FFEE90023CA42 /* CBKBaseViewController.swift */,
				076F3C4E256FFEE90023CA42 /* CBKContextualMenuViewController.swift */,
			);
			path = Controllers;
			sourceTree = "<group>";
		};
		076F3C49256FFEE90023CA42 /* Cells */ = {
			isa = PBXGroup;
			children = (
				076F3C4A256FFEE90023CA42 /* CBKContextualMenuOptionCell.swift */,
				076F3C4B256FFEE90023CA42 /* CBKContextualMenuOptionCell.xib */,
			);
			path = Cells;
			sourceTree = "<group>";
		};
		077A4D0B2577014600CF4D82 /* DocumentManager */ = {
			isa = PBXGroup;
			children = (
				077A4D0C2577016800CF4D82 /* CBKDocumentManager.swift */,
			);
			path = DocumentManager;
			sourceTree = "<group>";
		};
		077A4D11257704DD00CF4D82 /* Helpers */ = {
			isa = PBXGroup;
			children = (
				077A4D122577051600CF4D82 /* UIApplication+ViewCycles.swift */,
			);
			path = Helpers;
			sourceTree = "<group>";
		};
		078A4FB6256D31BF00BC9BEC /* Logger */ = {
			isa = PBXGroup;
			children = (
				078A4FB9256D31BF00BC9BEC /* LoggerManager.swift */,
			);
			path = Logger;
			sourceTree = "<group>";
		};
		078A4FBF256D31D700BC9BEC /* Menus */ = {
			isa = PBXGroup;
			children = (
				078A4FCE256D434F00BC9BEC /* Contextual */,
			);
			path = Menus;
			sourceTree = "<group>";
		};
		078A4FCE256D434F00BC9BEC /* Contextual */ = {
			isa = PBXGroup;
			children = (
				078A4FC0256D320500BC9BEC /* UIVIew+RoundedView.swift */,
			);
			path = Contextual;
			sourceTree = "<group>";
		};
		078FF13B2570696B00DBBA1F /* Labels */ = {
			isa = PBXGroup;
			children = (
				078FF13C257069B700DBBA1F /* CBKLabel.swift */,
			);
			path = Labels;
			sourceTree = "<group>";
		};
		078FF25825706E9B00DBBA1F /* Buttons */ = {
			isa = PBXGroup;
			children = (
				078FF25925706EB600DBBA1F /* CBKButton.swift */,
			);
			path = Buttons;
			sourceTree = "<group>";
		};
		07C2FE542574FE750034BBFF /* TextField */ = {
			isa = PBXGroup;
			children = (
				07C2FE552574FE750034BBFF /* CBKBaseTextField.swift */,
				07C2FE562574FE750034BBFF /* CBKTextField.swift */,
			);
			path = TextField;
			sourceTree = "<group>";
		};
		07FBC0E02566D09500446CFC /* MainView */ = {
			isa = PBXGroup;
			children = (
				07FBC0FC2566D77800446CFC /* MainView.storyboard */,
				07FBC1012566D78C00446CFC /* MainView.swift */,
			);
			path = MainView;
			sourceTree = "<group>";
		};
		07FBC0E42566D26100446CFC /* CustomComponents */ = {
			isa = PBXGroup;
			children = (
				078A4FB6256D31BF00BC9BEC /* Logger */,
				07FBC10F2566DE5600446CFC /* Hybrid */,
				07FBC0E62566D3FC00446CFC /* UIKit */,
			);
			path = CustomComponents;
			sourceTree = "<group>";
		};
		07FBC0E62566D3FC00446CFC /* UIKit */ = {
			isa = PBXGroup;
			children = (
				077A4D0B2577014600CF4D82 /* DocumentManager */,
				07C2FE542574FE750034BBFF /* TextField */,
				078FF25825706E9B00DBBA1F /* Buttons */,
				078FF13B2570696B00DBBA1F /* Labels */,
				076F3C46256FFEE90023CA42 /* ContextualMenu */,
				076F3BFF256E79EE0023CA42 /* Cells */,
				076F3BF6256E5CBD0023CA42 /* Views */,
				076F3A97256D61C30023CA42 /* NavigationController */,
				078A4FBF256D31D700BC9BEC /* Menus */,
				07FBC1782567EAFE00446CFC /* Navigator */,
				07FBC1062566DCF300446CFC /* Controllers */,
			);
			path = UIKit;
			sourceTree = "<group>";
		};
		07FBC1062566DCF300446CFC /* Controllers */ = {
			isa = PBXGroup;
			children = (
				07FBC0E72566D40E00446CFC /* BsseViewController.swift */,
			);
			path = Controllers;
			sourceTree = "<group>";
		};
		07FBC10F2566DE5600446CFC /* Hybrid */ = {
			isa = PBXGroup;
			children = (
				07FBC1072566DE1C00446CFC /* CBWebView.swift */,
			);
			path = Hybrid;
			sourceTree = "<group>";
		};
		07FBC16F2567E46400446CFC /* Managers */ = {
			isa = PBXGroup;
			children = (
				07FBC1702567E47700446CFC /* FirebaseManager.swift */,
				074FC7902570531800ABC1DE /* ShortcutsDataManager.swift */,
			);
			path = Managers;
			sourceTree = "<group>";
		};
		07FBC1782567EAFE00446CFC /* Navigator */ = {
			isa = PBXGroup;
			children = (
				07FBC1792567EB3E00446CFC /* CBNavigator.swift */,
			);
			path = Navigator;
			sourceTree = "<group>";
		};
/* End PBXGroup section */

/* Begin PBXNativeTarget section */
		0744493E256688230088A546 /* WRBASE */ = {
			isa = PBXNativeTarget;
			buildConfigurationList = 07444969256688260088A546 /* Build configuration list for PBXNativeTarget "WRBASE" */;
			buildPhases = (
				0744493B256688230088A546 /* Sources */,
				0744493C256688230088A546 /* Frameworks */,
				0744493D256688230088A546 /* Resources */,
			);
			buildRules = (
			);
			dependencies = (
			);
			name = WRBASE;
			productName = WRBASE;
			productReference = 0744493F256688230088A546 /* WRBASE.app */;
			productType = "com.apple.product-type.application";
		};
		07444954256688260088A546 /* WRBASETests */ = {
			isa = PBXNativeTarget;
			buildConfigurationList = 0744496C256688260088A546 /* Build configuration list for PBXNativeTarget "WRBASETests" */;
			buildPhases = (
				07444951256688260088A546 /* Sources */,
				07444952256688260088A546 /* Frameworks */,
				07444953256688260088A546 /* Resources */,
			);
			buildRules = (
			);
			dependencies = (
				07444957256688260088A546 /* PBXTargetDependency */,
			);
			name = WRBASETests;
			productName = WRBASETests;
			productReference = 07444955256688260088A546 /* WRBASETests.xctest */;
			productType = "com.apple.product-type.bundle.unit-test";
		};
		0744495F256688260088A546 /* WRBASEUITests */ = {
			isa = PBXNativeTarget;
			buildConfigurationList = 0744496F256688260088A546 /* Build configuration list for PBXNativeTarget "WRBASEUITests" */;
			buildPhases = (
				0744495C256688260088A546 /* Sources */,
				0744495D256688260088A546 /* Frameworks */,
				0744495E256688260088A546 /* Resources */,
			);
			buildRules = (
			);
			dependencies = (
				07444962256688260088A546 /* PBXTargetDependency */,
			);
			name = WRBASEUITests;
			productName = WRBASEUITests;
			productReference = 07444960256688260088A546 /* WRBASEUITests.xctest */;
			productType = "com.apple.product-type.bundle.ui-testing";
		};
/* End PBXNativeTarget section */

/* Begin PBXProject section */
		07444937256688230088A546 /* Project object */ = {
			isa = PBXProject;
			attributes = {
				LastSwiftUpdateCheck = 1220;
				LastUpgradeCheck = 1220;
				TargetAttributes = {
					0744493E256688230088A546 = {
						CreatedOnToolsVersion = 12.2;
					};
					07444954256688260088A546 = {
						CreatedOnToolsVersion = 12.2;
						TestTargetID = 0744493E256688230088A546;
					};
					0744495F256688260088A546 = {
						CreatedOnToolsVersion = 12.2;
						TestTargetID = 0744493E256688230088A546;
					};
				};
			};
			buildConfigurationList = 0744493A256688230088A546 /* Build configuration list for PBXProject "WRBASE" */;
			compatibilityVersion = "Xcode 9.3";
			developmentRegion = en;
			hasScannedForEncodings = 0;
			knownRegions = (
				en,
				Base,
			);
			mainGroup = 07444936256688230088A546;
			productRefGroup = 07444940256688230088A546 /* Products */;
			projectDirPath = "";
			projectRoot = "";
			targets = (
				0744493E256688230088A546 /* WRBASE */,
				07444954256688260088A546 /* WRBASETests */,
				0744495F256688260088A546 /* WRBASEUITests */,
			);
		};
/* End PBXProject section */

/* Begin PBXResourcesBuildPhase section */
		0744493D256688230088A546 /* Resources */ = {
			isa = PBXResourcesBuildPhase;
			buildActionMask = 2147483647;
			files = (
				0744494F256688260088A546 /* LaunchScreen.storyboard in Resources */,
				076F3C52256FFEE90023CA42 /* CBKContextualMenuViewController.xib in Resources */,
				076F3C51256FFEE90023CA42 /* CBKContextualMenuOptionCell.xib in Resources */,
				076F3A8B256D5DF20023CA42 /* About.storyboard in Resources */,
				0744494C256688260088A546 /* Assets.xcassets in Resources */,
				074FC7A12570625000ABC1DE /* ShortcutSavaBoxViewController.xib in Resources */,
				076F3ACF256DC7A20023CA42 /* OpenSans-Regular.ttf in Resources */,
				07FBC0FD2566D77800446CFC /* MainView.storyboard in Resources */,
				076F3AC5256DBE1E0023CA42 /* OpenSans-SemiBold.ttf in Resources */,
				076F3C0D256EA2F30023CA42 /* Logs.storyboard in Resources */,
				076F3BFB256E5E190023CA42 /* TitleNSubtitleView.xib in Resources */,
				074FC78C2570123900ABC1DE /* Shortcuts.storyboard in Resources */,
				0744499125669BB80088A546 /* Splash.storyboard in Resources */,
			);
			runOnlyForDeploymentPostprocessing = 0;
		};
		07444953256688260088A546 /* Resources */ = {
			isa = PBXResourcesBuildPhase;
			buildActionMask = 2147483647;
			files = (
			);
			runOnlyForDeploymentPostprocessing = 0;
		};
		0744495E256688260088A546 /* Resources */ = {
			isa = PBXResourcesBuildPhase;
			buildActionMask = 2147483647;
			files = (
			);
			runOnlyForDeploymentPostprocessing = 0;
		};
/* End PBXResourcesBuildPhase section */

/* Begin PBXSourcesBuildPhase section */
		0744493B256688230088A546 /* Sources */ = {
			isa = PBXSourcesBuildPhase;
			buildActionMask = 2147483647;
			files = (
				076F3AD7256E58880023CA42 /* Fonts.swift in Sources */,
				078FF13D257069B700DBBA1F /* CBKLabel.swift in Sources */,
				076F3C53256FFEE90023CA42 /* CBKBaseViewController.swift in Sources */,
				07444943256688230088A546 /* AppDelegate.swift in Sources */,
				07FBC1022566D78C00446CFC /* MainView.swift in Sources */,
				07FBC0F82566D5EE00446CFC /* Colors.swift in Sources */,
				07C2FE572574FE760034BBFF /* CBKBaseTextField.swift in Sources */,
				078FF25A25706EB600DBBA1F /* CBKButton.swift in Sources */,
				076F3BF2256E5CB30023CA42 /* TitleNSubtitleView.swift in Sources */,
				078A4FC1256D320500BC9BEC /* UIVIew+RoundedView.swift in Sources */,
				076F3C15256EA3040023CA42 /* LogsView.swift in Sources */,
				074FC7A62570645800ABC1DE /* LightboxCardView.swift in Sources */,
				074FC7842570122B00ABC1DE /* ShortcutsViewController.swift in Sources */,
				07FBC1082566DE1C00446CFC /* CBWebView.swift in Sources */,
				076F3C4F256FFEE90023CA42 /* CBKCurvedView.swift in Sources */,
				07FBC1712567E47700446CFC /* FirebaseManager.swift in Sources */,
				076F3C54256FFEE90023CA42 /* CBKContextualMenuViewController.swift in Sources */,
				078A4FBB256D31BF00BC9BEC /* LoggerManager.swift in Sources */,
				076F3ACA256DC0860023CA42 /* NavigatioBarTitleView.swift in Sources */,
				074FC7912570531800ABC1DE /* ShortcutsDataManager.swift in Sources */,
				074449A12566C74B0088A546 /* ReplaceSegue.swift in Sources */,
				076F3C06256E822B0023CA42 /* Images.swift in Sources */,
				077A4D0D2577016800CF4D82 /* CBKDocumentManager.swift in Sources */,
				0744499625669BC40088A546 /* Splash.swift in Sources */,
				078A4FBA256D31BF00BC9BEC /* WRBASE.xcdatamodeld in Sources */,
				076F3A99256D61F10023CA42 /* CBKNavigationController.swift in Sources */,
				077A4D132577051600CF4D82 /* UIApplication+ViewCycles.swift in Sources */,
				074FC7992570624200ABC1DE /* ShortcutSavaBoxViewController.swift in Sources */,
				076F3C01256E7A100023CA42 /* TitleHeaderNImageCell.swift in Sources */,
				07FBC17A2567EB3E00446CFC /* CBNavigator.swift in Sources */,
				076F3C50256FFEE90023CA42 /* CBKContextualMenuOptionCell.swift in Sources */,
				07C2FE582574FE760034BBFF /* CBKTextField.swift in Sources */,
				076F3A93256D5E050023CA42 /* AboutViewController.swift in Sources */,
				07FBC0E82566D40E00446CFC /* BsseViewController.swift in Sources */,
			);
			runOnlyForDeploymentPostprocessing = 0;
		};
		07444951256688260088A546 /* Sources */ = {
			isa = PBXSourcesBuildPhase;
			buildActionMask = 2147483647;
			files = (
				0744495A256688260088A546 /* WRBASETests.swift in Sources */,
			);
			runOnlyForDeploymentPostprocessing = 0;
		};
		0744495C256688260088A546 /* Sources */ = {
			isa = PBXSourcesBuildPhase;
			buildActionMask = 2147483647;
			files = (
				07444965256688260088A546 /* WRBASEUITests.swift in Sources */,
			);
			runOnlyForDeploymentPostprocessing = 0;
		};
/* End PBXSourcesBuildPhase section */

/* Begin PBXTargetDependency section */
		07444957256688260088A546 /* PBXTargetDependency */ = {
			isa = PBXTargetDependency;
			target = 0744493E256688230088A546 /* WRBASE */;
			targetProxy = 07444956256688260088A546 /* PBXContainerItemProxy */;
		};
		07444962256688260088A546 /* PBXTargetDependency */ = {
			isa = PBXTargetDependency;
			target = 0744493E256688230088A546 /* WRBASE */;
			targetProxy = 07444961256688260088A546 /* PBXContainerItemProxy */;
		};
/* End PBXTargetDependency section */

/* Begin PBXVariantGroup section */
		0744494D256688260088A546 /* LaunchScreen.storyboard */ = {
			isa = PBXVariantGroup;
			children = (
				0744494E256688260088A546 /* Base */,
			);
			name = LaunchScreen.storyboard;
			sourceTree = "<group>";
		};
/* End PBXVariantGroup section */

/* Begin XCBuildConfiguration section */
		07444967256688260088A546 /* Debug */ = {
			isa = XCBuildConfiguration;
			buildSettings = {
				ALWAYS_SEARCH_USER_PATHS = NO;
				CLANG_ANALYZER_NONNULL = YES;
				CLANG_ANALYZER_NUMBER_OBJECT_CONVERSION = YES_AGGRESSIVE;
				CLANG_CXX_LANGUAGE_STANDARD = "gnu++14";
				CLANG_CXX_LIBRARY = "libc++";
				CLANG_ENABLE_MODULES = YES;
				CLANG_ENABLE_OBJC_ARC = YES;
				CLANG_ENABLE_OBJC_WEAK = YES;
				CLANG_WARN_BLOCK_CAPTURE_AUTORELEASING = YES;
				CLANG_WARN_BOOL_CONVERSION = YES;
				CLANG_WARN_COMMA = YES;
				CLANG_WARN_CONSTANT_CONVERSION = YES;
				CLANG_WARN_DEPRECATED_OBJC_IMPLEMENTATIONS = YES;
				CLANG_WARN_DIRECT_OBJC_ISA_USAGE = YES_ERROR;
				CLANG_WARN_DOCUMENTATION_COMMENTS = YES;
				CLANG_WARN_EMPTY_BODY = YES;
				CLANG_WARN_ENUM_CONVERSION = YES;
				CLANG_WARN_INFINITE_RECURSION = YES;
				CLANG_WARN_INT_CONVERSION = YES;
				CLANG_WARN_NON_LITERAL_NULL_CONVERSION = YES;
				CLANG_WARN_OBJC_IMPLICIT_RETAIN_SELF = YES;
				CLANG_WARN_OBJC_LITERAL_CONVERSION = YES;
				CLANG_WARN_OBJC_ROOT_CLASS = YES_ERROR;
				CLANG_WARN_QUOTED_INCLUDE_IN_FRAMEWORK_HEADER = YES;
				CLANG_WARN_RANGE_LOOP_ANALYSIS = YES;
				CLANG_WARN_STRICT_PROTOTYPES = YES;
				CLANG_WARN_SUSPICIOUS_MOVE = YES;
				CLANG_WARN_UNGUARDED_AVAILABILITY = YES_AGGRESSIVE;
				CLANG_WARN_UNREACHABLE_CODE = YES;
				CLANG_WARN__DUPLICATE_METHOD_MATCH = YES;
				COPY_PHASE_STRIP = NO;
				DEBUG_INFORMATION_FORMAT = dwarf;
				ENABLE_STRICT_OBJC_MSGSEND = YES;
				ENABLE_TESTABILITY = YES;
				GCC_C_LANGUAGE_STANDARD = gnu11;
				GCC_DYNAMIC_NO_PIC = NO;
				GCC_NO_COMMON_BLOCKS = YES;
				GCC_OPTIMIZATION_LEVEL = 0;
				GCC_PREPROCESSOR_DEFINITIONS = (
					"DEBUG=1",
					"$(inherited)",
				);
				GCC_WARN_64_TO_32_BIT_CONVERSION = YES;
				GCC_WARN_ABOUT_RETURN_TYPE = YES_ERROR;
				GCC_WARN_UNDECLARED_SELECTOR = YES;
				GCC_WARN_UNINITIALIZED_AUTOS = YES_AGGRESSIVE;
				GCC_WARN_UNUSED_FUNCTION = YES;
				GCC_WARN_UNUSED_VARIABLE = YES;
				IPHONEOS_DEPLOYMENT_TARGET = 13.0;
				MTL_ENABLE_DEBUG_INFO = INCLUDE_SOURCE;
				MTL_FAST_MATH = YES;
				ONLY_ACTIVE_ARCH = YES;
				SDKROOT = iphoneos;
				SWIFT_ACTIVE_COMPILATION_CONDITIONS = DEBUG;
				SWIFT_OPTIMIZATION_LEVEL = "-Onone";
			};
			name = Debug;
		};
		07444968256688260088A546 /* Release */ = {
			isa = XCBuildConfiguration;
			buildSettings = {
				ALWAYS_SEARCH_USER_PATHS = NO;
				CLANG_ANALYZER_NONNULL = YES;
				CLANG_ANALYZER_NUMBER_OBJECT_CONVERSION = YES_AGGRESSIVE;
				CLANG_CXX_LANGUAGE_STANDARD = "gnu++14";
				CLANG_CXX_LIBRARY = "libc++";
				CLANG_ENABLE_MODULES = YES;
				CLANG_ENABLE_OBJC_ARC = YES;
				CLANG_ENABLE_OBJC_WEAK = YES;
				CLANG_WARN_BLOCK_CAPTURE_AUTORELEASING = YES;
				CLANG_WARN_BOOL_CONVERSION = YES;
				CLANG_WARN_COMMA = YES;
				CLANG_WARN_CONSTANT_CONVERSION = YES;
				CLANG_WARN_DEPRECATED_OBJC_IMPLEMENTATIONS = YES;
				CLANG_WARN_DIRECT_OBJC_ISA_USAGE = YES_ERROR;
				CLANG_WARN_DOCUMENTATION_COMMENTS = YES;
				CLANG_WARN_EMPTY_BODY = YES;
				CLANG_WARN_ENUM_CONVERSION = YES;
				CLANG_WARN_INFINITE_RECURSION = YES;
				CLANG_WARN_INT_CONVERSION = YES;
				CLANG_WARN_NON_LITERAL_NULL_CONVERSION = YES;
				CLANG_WARN_OBJC_IMPLICIT_RETAIN_SELF = YES;
				CLANG_WARN_OBJC_LITERAL_CONVERSION = YES;
				CLANG_WARN_OBJC_ROOT_CLASS = YES_ERROR;
				CLANG_WARN_QUOTED_INCLUDE_IN_FRAMEWORK_HEADER = YES;
				CLANG_WARN_RANGE_LOOP_ANALYSIS = YES;
				CLANG_WARN_STRICT_PROTOTYPES = YES;
				CLANG_WARN_SUSPICIOUS_MOVE = YES;
				CLANG_WARN_UNGUARDED_AVAILABILITY = YES_AGGRESSIVE;
				CLANG_WARN_UNREACHABLE_CODE = YES;
				CLANG_WARN__DUPLICATE_METHOD_MATCH = YES;
				COPY_PHASE_STRIP = NO;
				DEBUG_INFORMATION_FORMAT = "dwarf-with-dsym";
				ENABLE_NS_ASSERTIONS = NO;
				ENABLE_STRICT_OBJC_MSGSEND = YES;
				GCC_C_LANGUAGE_STANDARD = gnu11;
				GCC_NO_COMMON_BLOCKS = YES;
				GCC_WARN_64_TO_32_BIT_CONVERSION = YES;
				GCC_WARN_ABOUT_RETURN_TYPE = YES_ERROR;
				GCC_WARN_UNDECLARED_SELECTOR = YES;
				GCC_WARN_UNINITIALIZED_AUTOS = YES_AGGRESSIVE;
				GCC_WARN_UNUSED_FUNCTION = YES;
				GCC_WARN_UNUSED_VARIABLE = YES;
				IPHONEOS_DEPLOYMENT_TARGET = 13.0;
				MTL_ENABLE_DEBUG_INFO = NO;
				MTL_FAST_MATH = YES;
				SDKROOT = iphoneos;
				SWIFT_COMPILATION_MODE = wholemodule;
				SWIFT_OPTIMIZATION_LEVEL = "-O";
				VALIDATE_PRODUCT = YES;
			};
			name = Release;
		};
		0744496A256688260088A546 /* Debug */ = {
			isa = XCBuildConfiguration;
			buildSettings = {
				ASSETCATALOG_COMPILER_APPICON_NAME = AppIcon;
				ASSETCATALOG_COMPILER_GLOBAL_ACCENT_COLOR_NAME = AccentColor;
				CODE_SIGN_STYLE = Automatic;
				DEVELOPMENT_TEAM = 8LYY6BZ69B;
				INFOPLIST_FILE = WRBASE/App/Resources/Info.plist;
				LD_RUNPATH_SEARCH_PATHS = (
					"$(inherited)",
					"@executable_path/Frameworks",
				);
				PRODUCT_BUNDLE_IDENTIFIER = com.codenationdev.WRBASE;
				PRODUCT_NAME = "$(TARGET_NAME)";
				SWIFT_VERSION = 5.0;
				TARGETED_DEVICE_FAMILY = 1;
			};
			name = Debug;
		};
		0744496B256688260088A546 /* Release */ = {
			isa = XCBuildConfiguration;
			buildSettings = {
				ASSETCATALOG_COMPILER_APPICON_NAME = AppIcon;
				ASSETCATALOG_COMPILER_GLOBAL_ACCENT_COLOR_NAME = AccentColor;
				CODE_SIGN_STYLE = Automatic;
				DEVELOPMENT_TEAM = 8LYY6BZ69B;
				INFOPLIST_FILE = WRBASE/App/Resources/Info.plist;
				LD_RUNPATH_SEARCH_PATHS = (
					"$(inherited)",
					"@executable_path/Frameworks",
				);
				PRODUCT_BUNDLE_IDENTIFIER = com.codenationdev.WRBASE;
				PRODUCT_NAME = "$(TARGET_NAME)";
				SWIFT_VERSION = 5.0;
				TARGETED_DEVICE_FAMILY = 1;
			};
			name = Release;
		};
		0744496D256688260088A546 /* Debug */ = {
			isa = XCBuildConfiguration;
			buildSettings = {
				ALWAYS_EMBED_SWIFT_STANDARD_LIBRARIES = YES;
				BUNDLE_LOADER = "$(TEST_HOST)";
				CODE_SIGN_STYLE = Automatic;
				INFOPLIST_FILE = Tests/WRBASETests/Info.plist;
				IPHONEOS_DEPLOYMENT_TARGET = 13.0;
				LD_RUNPATH_SEARCH_PATHS = (
					"$(inherited)",
					"@executable_path/Frameworks",
					"@loader_path/Frameworks",
				);
				PRODUCT_BUNDLE_IDENTIFIER = com.codenationdev.WRBASETests;
				PRODUCT_NAME = "$(TARGET_NAME)";
				SWIFT_VERSION = 5.0;
				TARGETED_DEVICE_FAMILY = 1;
				TEST_HOST = "$(BUILT_PRODUCTS_DIR)/WRBASE.app/WRBASE";
			};
			name = Debug;
		};
		0744496E256688260088A546 /* Release */ = {
			isa = XCBuildConfiguration;
			buildSettings = {
				ALWAYS_EMBED_SWIFT_STANDARD_LIBRARIES = YES;
				BUNDLE_LOADER = "$(TEST_HOST)";
				CODE_SIGN_STYLE = Automatic;
				INFOPLIST_FILE = Tests/WRBASETests/Info.plist;
				IPHONEOS_DEPLOYMENT_TARGET = 13.0;
				LD_RUNPATH_SEARCH_PATHS = (
					"$(inherited)",
					"@executable_path/Frameworks",
					"@loader_path/Frameworks",
				);
				PRODUCT_BUNDLE_IDENTIFIER = com.codenationdev.WRBASETests;
				PRODUCT_NAME = "$(TARGET_NAME)";
				SWIFT_VERSION = 5.0;
				TARGETED_DEVICE_FAMILY = 1;
				TEST_HOST = "$(BUILT_PRODUCTS_DIR)/WRBASE.app/WRBASE";
			};
			name = Release;
		};
		07444970256688260088A546 /* Debug */ = {
			isa = XCBuildConfiguration;
			buildSettings = {
				ALWAYS_EMBED_SWIFT_STANDARD_LIBRARIES = YES;
				CODE_SIGN_STYLE = Automatic;
				INFOPLIST_FILE = "Tests/WRBAS EUITests/Info.plist";
				LD_RUNPATH_SEARCH_PATHS = (
					"$(inherited)",
					"@executable_path/Frameworks",
					"@loader_path/Frameworks",
				);
				PRODUCT_BUNDLE_IDENTIFIER = com.codenationdev.WRBASEUITests;
				PRODUCT_NAME = "$(TARGET_NAME)";
				SWIFT_VERSION = 5.0;
				TARGETED_DEVICE_FAMILY = 1;
				TEST_TARGET_NAME = WRBASE;
			};
			name = Debug;
		};
		07444971256688260088A546 /* Release */ = {
			isa = XCBuildConfiguration;
			buildSettings = {
				ALWAYS_EMBED_SWIFT_STANDARD_LIBRARIES = YES;
				CODE_SIGN_STYLE = Automatic;
				INFOPLIST_FILE = "Tests/WRBAS EUITests/Info.plist";
				LD_RUNPATH_SEARCH_PATHS = (
					"$(inherited)",
					"@executable_path/Frameworks",
					"@loader_path/Frameworks",
				);
				PRODUCT_BUNDLE_IDENTIFIER = com.codenationdev.WRBASEUITests;
				PRODUCT_NAME = "$(TARGET_NAME)";
				SWIFT_VERSION = 5.0;
				TARGETED_DEVICE_FAMILY = 1;
				TEST_TARGET_NAME = WRBASE;
			};
			name = Release;
		};
/* End XCBuildConfiguration section */

/* Begin XCConfigurationList section */
		0744493A256688230088A546 /* Build configuration list for PBXProject "WRBASE" */ = {
			isa = XCConfigurationList;
			buildConfigurations = (
				07444967256688260088A546 /* Debug */,
				07444968256688260088A546 /* Release */,
			);
			defaultConfigurationIsVisible = 0;
			defaultConfigurationName = Release;
		};
		07444969256688260088A546 /* Build configuration list for PBXNativeTarget "WRBASE" */ = {
			isa = XCConfigurationList;
			buildConfigurations = (
				0744496A256688260088A546 /* Debug */,
				0744496B256688260088A546 /* Release */,
			);
			defaultConfigurationIsVisible = 0;
			defaultConfigurationName = Release;
		};
		0744496C256688260088A546 /* Build configuration list for PBXNativeTarget "WRBASETests" */ = {
			isa = XCConfigurationList;
			buildConfigurations = (
				0744496D256688260088A546 /* Debug */,
				0744496E256688260088A546 /* Release */,
			);
			defaultConfigurationIsVisible = 0;
			defaultConfigurationName = Release;
		};
		0744496F256688260088A546 /* Build configuration list for PBXNativeTarget "WRBASEUITests" */ = {
			isa = XCConfigurationList;
			buildConfigurations = (
				07444970256688260088A546 /* Debug */,
				07444971256688260088A546 /* Release */,
			);
			defaultConfigurationIsVisible = 0;
			defaultConfigurationName = Release;
		};
/* End XCConfigurationList section */

/* Begin XCVersionGroup section */
		078A4FB7256D31BF00BC9BEC /* WRBASE.xcdatamodeld */ = {
			isa = XCVersionGroup;
			children = (
				078A4FB8256D31BF00BC9BEC /* Logger.xcdatamodel */,
			);
			currentVersion = 078A4FB8256D31BF00BC9BEC /* Logger.xcdatamodel */;
			path = WRBASE.xcdatamodeld;
			sourceTree = "<group>";
			versionGroupType = wrapper.xcdatamodel;
		};
/* End XCVersionGroup section */
	};
	rootObject = 07444937256688230088A546 /* Project object */;
}
